
Microsoft Visual Studio Solution File, Format Version 12.00
# Visual Studio Version 16
VisualStudioVersion = 16.0.28729.10
MinimumVisualStudioVersion = 10.0.40219.1
Project("{9A19103F-16F7-4668-BE54-9A1E7A4F7556}") = "Pivotal.Redis.Aspnet.Session.Buildpack", "src\Pivotal.Redis.Aspnet.Session.Buildpack\Pivotal.Redis.Aspnet.Session.Buildpack.csproj", "{512F3F46-B79C-40C7-B148-7E1DDDE3DA54}"
EndProject
Project("{9A19103F-16F7-4668-BE54-9A1E7A4F7556}") = "_build", "build\_build.csproj", "{F6E63DDE-EC41-4756-A6A3-7BF6A3ACC172}"
EndProject
Project("{2150E333-8FDC-42A3-9474-1A3956D46DE8}") = "src", "src", "{5B33419C-423F-4F77-9827-0F61A19919A5}"
EndProject
Project("{2150E333-8FDC-42A3-9474-1A3956D46DE8}") = "test", "test", "{6E433424-E19D-4612-B90B-CAABEA3195F7}"
EndProject
Project("{2150E333-8FDC-42A3-9474-1A3956D46DE8}") = "build", "build", "{7EE7803A-2479-4BBD-8EDA-74547D5AB3DB}"
EndProject
Project("{9A19103F-16F7-4668-BE54-9A1E7A4F7556}") = "Buildpack.UnitTests", "tests\Buildpack.UnitTests\Buildpack.UnitTests.csproj", "{34AEB452-A5E5-431F-870E-43D4B10777EC}"
EndProject
Project("{2150E333-8FDC-42A3-9474-1A3956D46DE8}") = "ci", "ci", "{9A683666-D39A-4114-B675-BD4170821416}"
	ProjectSection(SolutionItems) = preProject
		ci\azure-pipelines.yml = ci\azure-pipelines.yml
	EndProjectSection
EndProject
Global
	GlobalSection(SolutionConfigurationPlatforms) = preSolution
		Debug|Any CPU = Debug|Any CPU
		Release|Any CPU = Release|Any CPU
	EndGlobalSection
	GlobalSection(ProjectConfigurationPlatforms) = postSolution
		{512F3F46-B79C-40C7-B148-7E1DDDE3DA54}.Debug|Any CPU.ActiveCfg = Debug|Any CPU
		{512F3F46-B79C-40C7-B148-7E1DDDE3DA54}.Debug|Any CPU.Build.0 = Debug|Any CPU
		{512F3F46-B79C-40C7-B148-7E1DDDE3DA54}.Release|Any CPU.ActiveCfg = Release|Any CPU
		{512F3F46-B79C-40C7-B148-7E1DDDE3DA54}.Release|Any CPU.Build.0 = Release|Any CPU
		{F6E63DDE-EC41-4756-A6A3-7BF6A3ACC172}.Debug|Any CPU.ActiveCfg = Debug|Any CPU
		{F6E63DDE-EC41-4756-A6A3-7BF6A3ACC172}.Release|Any CPU.ActiveCfg = Release|Any CPU
		{34AEB452-A5E5-431F-870E-43D4B10777EC}.Debug|Any CPU.ActiveCfg = Debug|Any CPU
		{34AEB452-A5E5-431F-870E-43D4B10777EC}.Debug|Any CPU.Build.0 = Debug|Any CPU
		{34AEB452-A5E5-431F-870E-43D4B10777EC}.Release|Any CPU.ActiveCfg = Release|Any CPU
		{34AEB452-A5E5-431F-870E-43D4B10777EC}.Release|Any CPU.Build.0 = Release|Any CPU
	EndGlobalSection
	GlobalSection(SolutionProperties) = preSolution
		HideSolutionNode = FALSE
	EndGlobalSection
	GlobalSection(NestedProjects) = preSolution
		{512F3F46-B79C-40C7-B148-7E1DDDE3DA54} = {5B33419C-423F-4F77-9827-0F61A19919A5}
		{F6E63DDE-EC41-4756-A6A3-7BF6A3ACC172} = {7EE7803A-2479-4BBD-8EDA-74547D5AB3DB}
		{34AEB452-A5E5-431F-870E-43D4B10777EC} = {6E433424-E19D-4612-B90B-CAABEA3195F7}
	EndGlobalSection
	GlobalSection(ExtensibilityGlobals) = postSolution
		SolutionGuid = {562B0D1A-9FD1-4FE2-AA87-CA7A9C5D4E89}
	EndGlobalSection
EndGlobal
