
Microsoft Visual Studio Solution File, Format Version 12.00
# Visual Studio 15
VisualStudioVersion = 15.0.28307.572
MinimumVisualStudioVersion = 10.0.40219.1
Project("{9A19103F-16F7-4668-BE54-9A1E7A4F7556}") = "Redis.Session.Buildpack", "Redis.Session.Buildpack\Redis.Session.Buildpack.csproj", "{512F3F46-B79C-40C7-B148-7E1DDDE3DA54}"
EndProject
Project("{2150E333-8FDC-42A3-9474-1A3956D46DE8}") = "src", "src", "{997E3348-2162-4E9B-8326-A29CAD6FE7C8}"
EndProject
Project("{2150E333-8FDC-42A3-9474-1A3956D46DE8}") = "misc", "misc", "{A5CAA81A-8484-41EE-9445-8C035709EA2F}"
	ProjectSection(SolutionItems) = preProject
		..\.gitignore = ..\.gitignore
		..\build.cake = ..\build.cake
		..\build.ps1 = ..\build.ps1
		..\build.sh = ..\build.sh
		..\README.md = ..\README.md
	EndProjectSection
EndProject
Global
	GlobalSection(SolutionConfigurationPlatforms) = preSolution
		Debug|Any CPU = Debug|Any CPU
		Release|Any CPU = Release|Any CPU
	EndGlobalSection
	GlobalSection(ProjectConfigurationPlatforms) = postSolution
		{512F3F46-B79C-40C7-B148-7E1DDDE3DA54}.Debug|Any CPU.ActiveCfg = Debug|Any CPU
		{512F3F46-B79C-40C7-B148-7E1DDDE3DA54}.Debug|Any CPU.Build.0 = Debug|Any CPU
		{512F3F46-B79C-40C7-B148-7E1DDDE3DA54}.Release|Any CPU.ActiveCfg = Release|Any CPU
		{512F3F46-B79C-40C7-B148-7E1DDDE3DA54}.Release|Any CPU.Build.0 = Release|Any CPU
	EndGlobalSection
	GlobalSection(SolutionProperties) = preSolution
		HideSolutionNode = FALSE
	EndGlobalSection
	GlobalSection(NestedProjects) = preSolution
		{512F3F46-B79C-40C7-B148-7E1DDDE3DA54} = {997E3348-2162-4E9B-8326-A29CAD6FE7C8}
	EndGlobalSection
	GlobalSection(ExtensibilityGlobals) = postSolution
		SolutionGuid = {562B0D1A-9FD1-4FE2-AA87-CA7A9C5D4E89}
	EndGlobalSection
EndGlobal
